
Microsoft Visual Studio Solution File, Format Version 12.00
# Visual Studio Version 16
VisualStudioVersion = 16.0.29509.3
MinimumVisualStudioVersion = 10.0.40219.1
Project("{FAE04EC0-301F-11D3-BF4B-00C04F79EFBC}") = "DailyBlogger", "DailyBlogger\DailyBlogger.csproj", "{D78DFB87-E4EB-4BC1-8B91-2D5F9B2F6885}"
EndProject
Global
	GlobalSection(SolutionConfigurationPlatforms) = preSolution
		Debug|Any CPU = Debug|Any CPU
		Release|Any CPU = Release|Any CPU
	EndGlobalSection
	GlobalSection(ProjectConfigurationPlatforms) = postSolution
		{D78DFB87-E4EB-4BC1-8B91-2D5F9B2F6885}.Debug|Any CPU.ActiveCfg = Debug|Any CPU
		{D78DFB87-E4EB-4BC1-8B91-2D5F9B2F6885}.Debug|Any CPU.Build.0 = Debug|Any CPU
		{D78DFB87-E4EB-4BC1-8B91-2D5F9B2F6885}.Release|Any CPU.ActiveCfg = Release|Any CPU
		{D78DFB87-E4EB-4BC1-8B91-2D5F9B2F6885}.Release|Any CPU.Build.0 = Release|Any CPU
	EndGlobalSection
	GlobalSection(SolutionProperties) = preSolution
		HideSolutionNode = FALSE
	EndGlobalSection
	GlobalSection(ExtensibilityGlobals) = postSolution
		SolutionGuid = {815ED6F8-DFE5-4440-93E8-CF821760E4C0}
	EndGlobalSection
EndGlobal
